// !$*UTF8*$!
{
	archiveVersion = 1;
	classes = {
	};
	objectVersion = 46;
	objects = {

/* Begin PBXBuildFile section */
		1D88AD5117320257002F72B8 /* UIKit.framework in Frameworks */ = {isa = PBXBuildFile; fileRef = 1D88AD5017320257002F72B8 /* UIKit.framework */; };
		1D88AD5317320257002F72B8 /* Foundation.framework in Frameworks */ = {isa = PBXBuildFile; fileRef = 1D88AD5217320257002F72B8 /* Foundation.framework */; };
		1D88AD5517320257002F72B8 /* CoreGraphics.framework in Frameworks */ = {isa = PBXBuildFile; fileRef = 1D88AD5417320257002F72B8 /* CoreGraphics.framework */; };
		1D88AD5717320257002F72B8 /* CoreData.framework in Frameworks */ = {isa = PBXBuildFile; fileRef = 1D88AD5617320257002F72B8 /* CoreData.framework */; };
		1D88AD5D17320257002F72B8 /* InfoPlist.strings in Resources */ = {isa = PBXBuildFile; fileRef = 1D88AD5B17320257002F72B8 /* InfoPlist.strings */; };
		1D88AD5F17320257002F72B8 /* main.m in Sources */ = {isa = PBXBuildFile; fileRef = 1D88AD5E17320257002F72B8 /* main.m */; };
		1D88AD6317320257002F72B8 /* AppDelegate.m in Sources */ = {isa = PBXBuildFile; fileRef = 1D88AD6217320257002F72B8 /* AppDelegate.m */; };
		1D88AD6517320257002F72B8 /* Default.png in Resources */ = {isa = PBXBuildFile; fileRef = 1D88AD6417320257002F72B8 /* Default.png */; };
		1D88AD6717320257002F72B8 /* Default@2x.png in Resources */ = {isa = PBXBuildFile; fileRef = 1D88AD6617320257002F72B8 /* Default@2x.png */; };
		1D88AD6917320257002F72B8 /* Default-568h@2x.png in Resources */ = {isa = PBXBuildFile; fileRef = 1D88AD6817320257002F72B8 /* Default-568h@2x.png */; };
		1D88AD6C17320257002F72B8 /* EmpowerID.xcdatamodeld in Sources */ = {isa = PBXBuildFile; fileRef = 1D88AD6A17320257002F72B8 /* EmpowerID.xcdatamodeld */; };
		1D88AD731732051C002F72B8 /* MainStoryBoard.storyboard in Resources */ = {isa = PBXBuildFile; fileRef = 1D88AD721732051C002F72B8 /* MainStoryBoard.storyboard */; };
		1D88AD76173236C7002F72B8 /* TaskTableViewController.m in Sources */ = {isa = PBXBuildFile; fileRef = 1D88AD75173236C7002F72B8 /* TaskTableViewController.m */; };
		1D88AD791734349E002F72B8 /* SplashViewController.m in Sources */ = {isa = PBXBuildFile; fileRef = 1D88AD781734349E002F72B8 /* SplashViewController.m */; };
		1D88AD7C1734355B002F72B8 /* TaskDetailsViewController.m in Sources */ = {isa = PBXBuildFile; fileRef = 1D88AD7B1734355B002F72B8 /* TaskDetailsViewController.m */; };
		1D88AD7F1734B2E2002F72B8 /* LoginController.m in Sources */ = {isa = PBXBuildFile; fileRef = 1D88AD7E1734B2E1002F72B8 /* LoginController.m */; };
		1D88AD821734CFE2002F72B8 /* Base64Utility.m in Sources */ = {isa = PBXBuildFile; fileRef = 1D88AD811734CFE2002F72B8 /* Base64Utility.m */; };
		1D88ADAB1734D769002F72B8 /* AFHTTPClient.m in Sources */ = {isa = PBXBuildFile; fileRef = 1D88AD991734D769002F72B8 /* AFHTTPClient.m */; };
		1D88ADAC1734D769002F72B8 /* AFHTTPRequestOperation.m in Sources */ = {isa = PBXBuildFile; fileRef = 1D88AD9B1734D769002F72B8 /* AFHTTPRequestOperation.m */; };
		1D88ADAD1734D769002F72B8 /* AFImageRequestOperation.m in Sources */ = {isa = PBXBuildFile; fileRef = 1D88AD9D1734D769002F72B8 /* AFImageRequestOperation.m */; };
		1D88ADAE1734D769002F72B8 /* AFJSONRequestOperation.m in Sources */ = {isa = PBXBuildFile; fileRef = 1D88AD9F1734D769002F72B8 /* AFJSONRequestOperation.m */; };
		1D88ADAF1734D769002F72B8 /* AFNetworkActivityIndicatorManager.m in Sources */ = {isa = PBXBuildFile; fileRef = 1D88ADA11734D769002F72B8 /* AFNetworkActivityIndicatorManager.m */; };
		1D88ADB01734D769002F72B8 /* AFPropertyListRequestOperation.m in Sources */ = {isa = PBXBuildFile; fileRef = 1D88ADA41734D769002F72B8 /* AFPropertyListRequestOperation.m */; };
		1D88ADB11734D769002F72B8 /* AFURLConnectionOperation.m in Sources */ = {isa = PBXBuildFile; fileRef = 1D88ADA61734D769002F72B8 /* AFURLConnectionOperation.m */; };
		1D88ADB21734D769002F72B8 /* AFXMLRequestOperation.m in Sources */ = {isa = PBXBuildFile; fileRef = 1D88ADA81734D769002F72B8 /* AFXMLRequestOperation.m */; };
		1D88ADB31734D769002F72B8 /* UIImageView+AFNetworking.m in Sources */ = {isa = PBXBuildFile; fileRef = 1D88ADAA1734D769002F72B8 /* UIImageView+AFNetworking.m */; };
		1D88ADB617388CC8002F72B8 /* Helpers.m in Sources */ = {isa = PBXBuildFile; fileRef = 1D88ADB517388CC8002F72B8 /* Helpers.m */; };
		1D88ADE8173B05F8002F72B8 /* Globals.m in Sources */ = {isa = PBXBuildFile; fileRef = 1D88ADE7173B05F8002F72B8 /* Globals.m */; };
		1D88ADEE173B70A9002F72B8 /* MainTabControllerViewController.m in Sources */ = {isa = PBXBuildFile; fileRef = 1D88ADED173B70A9002F72B8 /* MainTabControllerViewController.m */; };
		1D88ADF1173B7CC8002F72B8 /* HomeControllerViewController.m in Sources */ = {isa = PBXBuildFile; fileRef = 1D88ADF0173B7CC8002F72B8 /* HomeControllerViewController.m */; };
		1D88ADF3173B9403002F72B8 /* compare_headline_eid.png in Resources */ = {isa = PBXBuildFile; fileRef = 1D88ADF2173B9402002F72B8 /* compare_headline_eid.png */; };
		1D88ADF7173B95E7002F72B8 /* logo_header.jpg in Resources */ = {isa = PBXBuildFile; fileRef = 1D88ADF6173B95E7002F72B8 /* logo_header.jpg */; };
		1D88ADFA173D3924002F72B8 /* DejalActivityView.m in Sources */ = {isa = PBXBuildFile; fileRef = 1D88ADF9173D3923002F72B8 /* DejalActivityView.m */; };
		1D88ADFD173D5EE1002F72B8 /* RequestsTableViewController.m in Sources */ = {isa = PBXBuildFile; fileRef = 1D88ADFC173D5EE1002F72B8 /* RequestsTableViewController.m */; };
		1D88ADFF173DCEED002F72B8 /* home_24.png in Resources */ = {isa = PBXBuildFile; fileRef = 1D88ADFE173DCEED002F72B8 /* home_24.png */; };
		1D88AE01173DCF4C002F72B8 /* app_globe_24.png in Resources */ = {isa = PBXBuildFile; fileRef = 1D88AE00173DCF4C002F72B8 /* app_globe_24.png */; };
		1D88AE03173DCFA1002F72B8 /* lock_24.png in Resources */ = {isa = PBXBuildFile; fileRef = 1D88AE02173DCFA1002F72B8 /* lock_24.png */; };
		1D88FCF31756C3CD006A1D88 /* SettingsViewController.m in Sources */ = {isa = PBXBuildFile; fileRef = 1D88FCF11756C3CD006A1D88 /* SettingsViewController.m */; };
		1D88FCF41756C3CD006A1D88 /* SettingsViewController.xib in Resources */ = {isa = PBXBuildFile; fileRef = 1D88FCF21756C3CD006A1D88 /* SettingsViewController.xib */; };
		1D97757317504FA600CD156F /* QuartzCore.framework in Frameworks */ = {isa = PBXBuildFile; fileRef = 1D97757217504FA600CD156F /* QuartzCore.framework */; };
		1D977576175054D100CD156F /* glassboard.png in Resources */ = {isa = PBXBuildFile; fileRef = 1D977574175054D100CD156F /* glassboard.png */; };
		1D977577175054D100CD156F /* three_lines@2x.png in Resources */ = {isa = PBXBuildFile; fileRef = 1D977575175054D100CD156F /* three_lines@2x.png */; };
/* End PBXBuildFile section */

/* Begin PBXFileReference section */
		1D88AD4D17320257002F72B8 /* EmpowerID.app */ = {isa = PBXFileReference; explicitFileType = wrapper.application; includeInIndex = 0; path = EmpowerID.app; sourceTree = BUILT_PRODUCTS_DIR; };
		1D88AD5017320257002F72B8 /* UIKit.framework */ = {isa = PBXFileReference; lastKnownFileType = wrapper.framework; name = UIKit.framework; path = System/Library/Frameworks/UIKit.framework; sourceTree = SDKROOT; };
		1D88AD5217320257002F72B8 /* Foundation.framework */ = {isa = PBXFileReference; lastKnownFileType = wrapper.framework; name = Foundation.framework; path = System/Library/Frameworks/Foundation.framework; sourceTree = SDKROOT; };
		1D88AD5417320257002F72B8 /* CoreGraphics.framework */ = {isa = PBXFileReference; lastKnownFileType = wrapper.framework; name = CoreGraphics.framework; path = System/Library/Frameworks/CoreGraphics.framework; sourceTree = SDKROOT; };
		1D88AD5617320257002F72B8 /* CoreData.framework */ = {isa = PBXFileReference; lastKnownFileType = wrapper.framework; name = CoreData.framework; path = System/Library/Frameworks/CoreData.framework; sourceTree = SDKROOT; };
		1D88AD5A17320257002F72B8 /* EmpowerID-Info.plist */ = {isa = PBXFileReference; lastKnownFileType = text.plist.xml; path = "EmpowerID-Info.plist"; sourceTree = "<group>"; };
		1D88AD5C17320257002F72B8 /* en */ = {isa = PBXFileReference; lastKnownFileType = text.plist.strings; name = en; path = en.lproj/InfoPlist.strings; sourceTree = "<group>"; };
		1D88AD5E17320257002F72B8 /* main.m */ = {isa = PBXFileReference; lastKnownFileType = sourcecode.c.objc; path = main.m; sourceTree = "<group>"; };
		1D88AD6017320257002F72B8 /* EmpowerID-Prefix.pch */ = {isa = PBXFileReference; lastKnownFileType = sourcecode.c.h; path = "EmpowerID-Prefix.pch"; sourceTree = "<group>"; };
		1D88AD6117320257002F72B8 /* AppDelegate.h */ = {isa = PBXFileReference; lastKnownFileType = sourcecode.c.h; path = AppDelegate.h; sourceTree = "<group>"; };
		1D88AD6217320257002F72B8 /* AppDelegate.m */ = {isa = PBXFileReference; lastKnownFileType = sourcecode.c.objc; path = AppDelegate.m; sourceTree = "<group>"; };
		1D88AD6417320257002F72B8 /* Default.png */ = {isa = PBXFileReference; lastKnownFileType = image.png; path = Default.png; sourceTree = "<group>"; };
		1D88AD6617320257002F72B8 /* Default@2x.png */ = {isa = PBXFileReference; lastKnownFileType = image.png; path = "Default@2x.png"; sourceTree = "<group>"; };
		1D88AD6817320257002F72B8 /* Default-568h@2x.png */ = {isa = PBXFileReference; lastKnownFileType = image.png; path = "Default-568h@2x.png"; sourceTree = "<group>"; };
		1D88AD6B17320257002F72B8 /* EmpowerID.xcdatamodel */ = {isa = PBXFileReference; lastKnownFileType = wrapper.xcdatamodel; path = EmpowerID.xcdatamodel; sourceTree = "<group>"; };
		1D88AD721732051C002F72B8 /* MainStoryBoard.storyboard */ = {isa = PBXFileReference; fileEncoding = 4; lastKnownFileType = file.storyboard; path = MainStoryBoard.storyboard; sourceTree = "<group>"; };
		1D88AD74173236C7002F72B8 /* TaskTableViewController.h */ = {isa = PBXFileReference; fileEncoding = 4; lastKnownFileType = sourcecode.c.h; path = TaskTableViewController.h; sourceTree = "<group>"; };
		1D88AD75173236C7002F72B8 /* TaskTableViewController.m */ = {isa = PBXFileReference; fileEncoding = 4; lastKnownFileType = sourcecode.c.objc; path = TaskTableViewController.m; sourceTree = "<group>"; };
		1D88AD771734349E002F72B8 /* SplashViewController.h */ = {isa = PBXFileReference; fileEncoding = 4; lastKnownFileType = sourcecode.c.h; path = SplashViewController.h; sourceTree = "<group>"; };
		1D88AD781734349E002F72B8 /* SplashViewController.m */ = {isa = PBXFileReference; fileEncoding = 4; lastKnownFileType = sourcecode.c.objc; path = SplashViewController.m; sourceTree = "<group>"; };
		1D88AD7A1734355B002F72B8 /* TaskDetailsViewController.h */ = {isa = PBXFileReference; fileEncoding = 4; lastKnownFileType = sourcecode.c.h; path = TaskDetailsViewController.h; sourceTree = "<group>"; };
		1D88AD7B1734355B002F72B8 /* TaskDetailsViewController.m */ = {isa = PBXFileReference; fileEncoding = 4; lastKnownFileType = sourcecode.c.objc; path = TaskDetailsViewController.m; sourceTree = "<group>"; };
		1D88AD7D1734B2E1002F72B8 /* LoginController.h */ = {isa = PBXFileReference; fileEncoding = 4; lastKnownFileType = sourcecode.c.h; path = LoginController.h; sourceTree = "<group>"; };
		1D88AD7E1734B2E1002F72B8 /* LoginController.m */ = {isa = PBXFileReference; fileEncoding = 4; lastKnownFileType = sourcecode.c.objc; path = LoginController.m; sourceTree = "<group>"; };
		1D88AD801734CFE2002F72B8 /* Base64Utility.h */ = {isa = PBXFileReference; fileEncoding = 4; lastKnownFileType = sourcecode.c.h; path = Base64Utility.h; sourceTree = "<group>"; };
		1D88AD811734CFE2002F72B8 /* Base64Utility.m */ = {isa = PBXFileReference; fileEncoding = 4; lastKnownFileType = sourcecode.c.objc; path = Base64Utility.m; sourceTree = "<group>"; };
		1D88AD981734D769002F72B8 /* AFHTTPClient.h */ = {isa = PBXFileReference; fileEncoding = 4; lastKnownFileType = sourcecode.c.h; path = AFHTTPClient.h; sourceTree = "<group>"; };
		1D88AD991734D769002F72B8 /* AFHTTPClient.m */ = {isa = PBXFileReference; fileEncoding = 4; lastKnownFileType = sourcecode.c.objc; path = AFHTTPClient.m; sourceTree = "<group>"; };
		1D88AD9A1734D769002F72B8 /* AFHTTPRequestOperation.h */ = {isa = PBXFileReference; fileEncoding = 4; lastKnownFileType = sourcecode.c.h; path = AFHTTPRequestOperation.h; sourceTree = "<group>"; };
		1D88AD9B1734D769002F72B8 /* AFHTTPRequestOperation.m */ = {isa = PBXFileReference; fileEncoding = 4; lastKnownFileType = sourcecode.c.objc; path = AFHTTPRequestOperation.m; sourceTree = "<group>"; };
		1D88AD9C1734D769002F72B8 /* AFImageRequestOperation.h */ = {isa = PBXFileReference; fileEncoding = 4; lastKnownFileType = sourcecode.c.h; path = AFImageRequestOperation.h; sourceTree = "<group>"; };
		1D88AD9D1734D769002F72B8 /* AFImageRequestOperation.m */ = {isa = PBXFileReference; fileEncoding = 4; lastKnownFileType = sourcecode.c.objc; path = AFImageRequestOperation.m; sourceTree = "<group>"; };
		1D88AD9E1734D769002F72B8 /* AFJSONRequestOperation.h */ = {isa = PBXFileReference; fileEncoding = 4; lastKnownFileType = sourcecode.c.h; path = AFJSONRequestOperation.h; sourceTree = "<group>"; };
		1D88AD9F1734D769002F72B8 /* AFJSONRequestOperation.m */ = {isa = PBXFileReference; fileEncoding = 4; lastKnownFileType = sourcecode.c.objc; path = AFJSONRequestOperation.m; sourceTree = "<group>"; };
		1D88ADA01734D769002F72B8 /* AFNetworkActivityIndicatorManager.h */ = {isa = PBXFileReference; fileEncoding = 4; lastKnownFileType = sourcecode.c.h; path = AFNetworkActivityIndicatorManager.h; sourceTree = "<group>"; };
		1D88ADA11734D769002F72B8 /* AFNetworkActivityIndicatorManager.m */ = {isa = PBXFileReference; fileEncoding = 4; lastKnownFileType = sourcecode.c.objc; path = AFNetworkActivityIndicatorManager.m; sourceTree = "<group>"; };
		1D88ADA21734D769002F72B8 /* AFNetworking.h */ = {isa = PBXFileReference; fileEncoding = 4; lastKnownFileType = sourcecode.c.h; path = AFNetworking.h; sourceTree = "<group>"; };
		1D88ADA31734D769002F72B8 /* AFPropertyListRequestOperation.h */ = {isa = PBXFileReference; fileEncoding = 4; lastKnownFileType = sourcecode.c.h; path = AFPropertyListRequestOperation.h; sourceTree = "<group>"; };
		1D88ADA41734D769002F72B8 /* AFPropertyListRequestOperation.m */ = {isa = PBXFileReference; fileEncoding = 4; lastKnownFileType = sourcecode.c.objc; path = AFPropertyListRequestOperation.m; sourceTree = "<group>"; };
		1D88ADA51734D769002F72B8 /* AFURLConnectionOperation.h */ = {isa = PBXFileReference; fileEncoding = 4; lastKnownFileType = sourcecode.c.h; path = AFURLConnectionOperation.h; sourceTree = "<group>"; };
		1D88ADA61734D769002F72B8 /* AFURLConnectionOperation.m */ = {isa = PBXFileReference; fileEncoding = 4; lastKnownFileType = sourcecode.c.objc; path = AFURLConnectionOperation.m; sourceTree = "<group>"; };
		1D88ADA71734D769002F72B8 /* AFXMLRequestOperation.h */ = {isa = PBXFileReference; fileEncoding = 4; lastKnownFileType = sourcecode.c.h; path = AFXMLRequestOperation.h; sourceTree = "<group>"; };
		1D88ADA81734D769002F72B8 /* AFXMLRequestOperation.m */ = {isa = PBXFileReference; fileEncoding = 4; lastKnownFileType = sourcecode.c.objc; path = AFXMLRequestOperation.m; sourceTree = "<group>"; };
		1D88ADA91734D769002F72B8 /* UIImageView+AFNetworking.h */ = {isa = PBXFileReference; fileEncoding = 4; lastKnownFileType = sourcecode.c.h; path = "UIImageView+AFNetworking.h"; sourceTree = "<group>"; };
		1D88ADAA1734D769002F72B8 /* UIImageView+AFNetworking.m */ = {isa = PBXFileReference; fileEncoding = 4; lastKnownFileType = sourcecode.c.objc; path = "UIImageView+AFNetworking.m"; sourceTree = "<group>"; };
		1D88ADB417388CC7002F72B8 /* Helpers.h */ = {isa = PBXFileReference; fileEncoding = 4; lastKnownFileType = sourcecode.c.h; path = Helpers.h; sourceTree = "<group>"; };
		1D88ADB517388CC8002F72B8 /* Helpers.m */ = {isa = PBXFileReference; fileEncoding = 4; lastKnownFileType = sourcecode.c.objc; path = Helpers.m; sourceTree = "<group>"; };
		1D88ADE6173B05F8002F72B8 /* Globals.h */ = {isa = PBXFileReference; fileEncoding = 4; lastKnownFileType = sourcecode.c.h; path = Globals.h; sourceTree = "<group>"; };
		1D88ADE7173B05F8002F72B8 /* Globals.m */ = {isa = PBXFileReference; fileEncoding = 4; lastKnownFileType = sourcecode.c.objc; path = Globals.m; sourceTree = "<group>"; };
		1D88ADEC173B70A8002F72B8 /* MainTabControllerViewController.h */ = {isa = PBXFileReference; fileEncoding = 4; lastKnownFileType = sourcecode.c.h; path = MainTabControllerViewController.h; sourceTree = "<group>"; };
		1D88ADED173B70A9002F72B8 /* MainTabControllerViewController.m */ = {isa = PBXFileReference; fileEncoding = 4; lastKnownFileType = sourcecode.c.objc; path = MainTabControllerViewController.m; sourceTree = "<group>"; };
		1D88ADEF173B7CC8002F72B8 /* HomeControllerViewController.h */ = {isa = PBXFileReference; fileEncoding = 4; lastKnownFileType = sourcecode.c.h; path = HomeControllerViewController.h; sourceTree = "<group>"; };
		1D88ADF0173B7CC8002F72B8 /* HomeControllerViewController.m */ = {isa = PBXFileReference; fileEncoding = 4; lastKnownFileType = sourcecode.c.objc; path = HomeControllerViewController.m; sourceTree = "<group>"; };
		1D88ADF2173B9402002F72B8 /* compare_headline_eid.png */ = {isa = PBXFileReference; lastKnownFileType = image.png; path = compare_headline_eid.png; sourceTree = "<group>"; };
		1D88ADF6173B95E7002F72B8 /* logo_header.jpg */ = {isa = PBXFileReference; lastKnownFileType = image.jpeg; path = logo_header.jpg; sourceTree = "<group>"; };
		1D88ADF8173D3923002F72B8 /* DejalActivityView.h */ = {isa = PBXFileReference; fileEncoding = 4; lastKnownFileType = sourcecode.c.h; path = DejalActivityView.h; sourceTree = "<group>"; };
		1D88ADF9173D3923002F72B8 /* DejalActivityView.m */ = {isa = PBXFileReference; fileEncoding = 4; lastKnownFileType = sourcecode.c.objc; path = DejalActivityView.m; sourceTree = "<group>"; };
		1D88ADFB173D5EE0002F72B8 /* RequestsTableViewController.h */ = {isa = PBXFileReference; fileEncoding = 4; lastKnownFileType = sourcecode.c.h; path = RequestsTableViewController.h; sourceTree = "<group>"; };
		1D88ADFC173D5EE1002F72B8 /* RequestsTableViewController.m */ = {isa = PBXFileReference; fileEncoding = 4; lastKnownFileType = sourcecode.c.objc; path = RequestsTableViewController.m; sourceTree = "<group>"; };
		1D88ADFE173DCEED002F72B8 /* home_24.png */ = {isa = PBXFileReference; lastKnownFileType = image.png; path = home_24.png; sourceTree = "<group>"; };
		1D88AE00173DCF4C002F72B8 /* app_globe_24.png */ = {isa = PBXFileReference; lastKnownFileType = image.png; path = app_globe_24.png; sourceTree = "<group>"; };
		1D88AE02173DCFA1002F72B8 /* lock_24.png */ = {isa = PBXFileReference; lastKnownFileType = image.png; path = lock_24.png; sourceTree = "<group>"; };
		1D88FCF01756C3CD006A1D88 /* SettingsViewController.h */ = {isa = PBXFileReference; fileEncoding = 4; lastKnownFileType = sourcecode.c.h; path = SettingsViewController.h; sourceTree = "<group>"; };
		1D88FCF11756C3CD006A1D88 /* SettingsViewController.m */ = {isa = PBXFileReference; fileEncoding = 4; lastKnownFileType = sourcecode.c.objc; path = SettingsViewController.m; sourceTree = "<group>"; };
		1D88FCF21756C3CD006A1D88 /* SettingsViewController.xib */ = {isa = PBXFileReference; fileEncoding = 4; lastKnownFileType = file.xib; name = SettingsViewController.xib; path = EmpowerID/SettingsViewController.xib; sourceTree = SOURCE_ROOT; };
		1D97757217504FA600CD156F /* QuartzCore.framework */ = {isa = PBXFileReference; lastKnownFileType = wrapper.framework; name = QuartzCore.framework; path = System/Library/Frameworks/QuartzCore.framework; sourceTree = SDKROOT; };
		1D977574175054D100CD156F /* glassboard.png */ = {isa = PBXFileReference; lastKnownFileType = image.png; path = glassboard.png; sourceTree = "<group>"; };
		1D977575175054D100CD156F /* three_lines@2x.png */ = {isa = PBXFileReference; lastKnownFileType = image.png; path = "three_lines@2x.png"; sourceTree = "<group>"; };
/* End PBXFileReference section */

/* Begin PBXFrameworksBuildPhase section */
		1D88AD4A17320257002F72B8 /* Frameworks */ = {
			isa = PBXFrameworksBuildPhase;
			buildActionMask = 2147483647;
			files = (
				1D97757317504FA600CD156F /* QuartzCore.framework in Frameworks */,
				1D88AD5117320257002F72B8 /* UIKit.framework in Frameworks */,
				1D88AD5317320257002F72B8 /* Foundation.framework in Frameworks */,
				1D88AD5517320257002F72B8 /* CoreGraphics.framework in Frameworks */,
				1D88AD5717320257002F72B8 /* CoreData.framework in Frameworks */,
			);
			runOnlyForDeploymentPostprocessing = 0;
		};
/* End PBXFrameworksBuildPhase section */

/* Begin PBXGroup section */
		1D88AD4417320257002F72B8 = {
			isa = PBXGroup;
			children = (
				1D88AD5817320257002F72B8 /* EmpowerID */,
				1D88AD4F17320257002F72B8 /* Frameworks */,
				1D88AD4E17320257002F72B8 /* Products */,
			);
			sourceTree = "<group>";
		};
		1D88AD4E17320257002F72B8 /* Products */ = {
			isa = PBXGroup;
			children = (
				1D88AD4D17320257002F72B8 /* EmpowerID.app */,
			);
			name = Products;
			sourceTree = "<group>";
		};
		1D88AD4F17320257002F72B8 /* Frameworks */ = {
			isa = PBXGroup;
			children = (
				1D97757217504FA600CD156F /* QuartzCore.framework */,
				1D88AD5017320257002F72B8 /* UIKit.framework */,
				1D88AD5217320257002F72B8 /* Foundation.framework */,
				1D88AD5417320257002F72B8 /* CoreGraphics.framework */,
				1D88AD5617320257002F72B8 /* CoreData.framework */,
			);
			name = Frameworks;
			sourceTree = "<group>";
		};
		1D88AD5817320257002F72B8 /* EmpowerID */ = {
			isa = PBXGroup;
			children = (
				1D97754E17504D4800CD156F /* SlideOutNavigationSample */,
				1D88ADF8173D3923002F72B8 /* DejalActivityView.h */,
				1D88ADF9173D3923002F72B8 /* DejalActivityView.m */,
				1D88AD971734D769002F72B8 /* AFNetworking */,
				1D88AD721732051C002F72B8 /* MainStoryBoard.storyboard */,
				1D88AD6117320257002F72B8 /* AppDelegate.h */,
				1D88AD6217320257002F72B8 /* AppDelegate.m */,
				1D88AD6A17320257002F72B8 /* EmpowerID.xcdatamodeld */,
				1D88AD5917320257002F72B8 /* Supporting Files */,
				1D88AD74173236C7002F72B8 /* TaskTableViewController.h */,
				1D88AD75173236C7002F72B8 /* TaskTableViewController.m */,
				1D88AD771734349E002F72B8 /* SplashViewController.h */,
				1D88AD781734349E002F72B8 /* SplashViewController.m */,
				1D88AD7A1734355B002F72B8 /* TaskDetailsViewController.h */,
				1D88AD7B1734355B002F72B8 /* TaskDetailsViewController.m */,
				1D88AD7D1734B2E1002F72B8 /* LoginController.h */,
				1D88AD7E1734B2E1002F72B8 /* LoginController.m */,
				1D88AD801734CFE2002F72B8 /* Base64Utility.h */,
				1D88AD811734CFE2002F72B8 /* Base64Utility.m */,
				1D88ADB417388CC7002F72B8 /* Helpers.h */,
				1D88ADB517388CC8002F72B8 /* Helpers.m */,
				1D88ADE6173B05F8002F72B8 /* Globals.h */,
				1D88ADE7173B05F8002F72B8 /* Globals.m */,
				1D88ADEC173B70A8002F72B8 /* MainTabControllerViewController.h */,
				1D88ADED173B70A9002F72B8 /* MainTabControllerViewController.m */,
				1D88ADEF173B7CC8002F72B8 /* HomeControllerViewController.h */,
				1D88ADF0173B7CC8002F72B8 /* HomeControllerViewController.m */,
				1D88ADFB173D5EE0002F72B8 /* RequestsTableViewController.h */,
				1D88ADFC173D5EE1002F72B8 /* RequestsTableViewController.m */,
				1D88FCF01756C3CD006A1D88 /* SettingsViewController.h */,
				1D88FCF11756C3CD006A1D88 /* SettingsViewController.m */,
				1D88FCF21756C3CD006A1D88 /* SettingsViewController.xib */,
			);
			path = EmpowerID;
			sourceTree = "<group>";
		};
		1D88AD5917320257002F72B8 /* Supporting Files */ = {
			isa = PBXGroup;
			children = (
				1D977574175054D100CD156F /* glassboard.png */,
				1D977575175054D100CD156F /* three_lines@2x.png */,
				1D88AE02173DCFA1002F72B8 /* lock_24.png */,
				1D88AE00173DCF4C002F72B8 /* app_globe_24.png */,
				1D88ADFE173DCEED002F72B8 /* home_24.png */,
				1D88ADF6173B95E7002F72B8 /* logo_header.jpg */,
				1D88ADF2173B9402002F72B8 /* compare_headline_eid.png */,
				1D88AD5A17320257002F72B8 /* EmpowerID-Info.plist */,
				1D88AD5B17320257002F72B8 /* InfoPlist.strings */,
				1D88AD5E17320257002F72B8 /* main.m */,
				1D88AD6017320257002F72B8 /* EmpowerID-Prefix.pch */,
				1D88AD6417320257002F72B8 /* Default.png */,
				1D88AD6617320257002F72B8 /* Default@2x.png */,
				1D88AD6817320257002F72B8 /* Default-568h@2x.png */,
			);
			name = "Supporting Files";
			sourceTree = "<group>";
		};
		1D88AD971734D769002F72B8 /* AFNetworking */ = {
			isa = PBXGroup;
			children = (
				1D88AD981734D769002F72B8 /* AFHTTPClient.h */,
				1D88AD991734D769002F72B8 /* AFHTTPClient.m */,
				1D88AD9A1734D769002F72B8 /* AFHTTPRequestOperation.h */,
				1D88AD9B1734D769002F72B8 /* AFHTTPRequestOperation.m */,
				1D88AD9C1734D769002F72B8 /* AFImageRequestOperation.h */,
				1D88AD9D1734D769002F72B8 /* AFImageRequestOperation.m */,
				1D88AD9E1734D769002F72B8 /* AFJSONRequestOperation.h */,
				1D88AD9F1734D769002F72B8 /* AFJSONRequestOperation.m */,
				1D88ADA01734D769002F72B8 /* AFNetworkActivityIndicatorManager.h */,
				1D88ADA11734D769002F72B8 /* AFNetworkActivityIndicatorManager.m */,
				1D88ADA21734D769002F72B8 /* AFNetworking.h */,
				1D88ADA31734D769002F72B8 /* AFPropertyListRequestOperation.h */,
				1D88ADA41734D769002F72B8 /* AFPropertyListRequestOperation.m */,
				1D88ADA51734D769002F72B8 /* AFURLConnectionOperation.h */,
				1D88ADA61734D769002F72B8 /* AFURLConnectionOperation.m */,
				1D88ADA71734D769002F72B8 /* AFXMLRequestOperation.h */,
				1D88ADA81734D769002F72B8 /* AFXMLRequestOperation.m */,
				1D88ADA91734D769002F72B8 /* UIImageView+AFNetworking.h */,
				1D88ADAA1734D769002F72B8 /* UIImageView+AFNetworking.m */,
			);
			path = AFNetworking;
			sourceTree = "<group>";
		};
		1D97754E17504D4800CD156F /* SlideOutNavigationSample */ = {
			isa = PBXGroup;
			children = (
			);
			path = SlideOutNavigationSample;
			sourceTree = "<group>";
		};
/* End PBXGroup section */

/* Begin PBXNativeTarget section */
		1D88AD4C17320257002F72B8 /* EmpowerID */ = {
			isa = PBXNativeTarget;
			buildConfigurationList = 1D88AD6F17320257002F72B8 /* Build configuration list for PBXNativeTarget "EmpowerID" */;
			buildPhases = (
				1D88AD4917320257002F72B8 /* Sources */,
				1D88AD4A17320257002F72B8 /* Frameworks */,
				1D88AD4B17320257002F72B8 /* Resources */,
			);
			buildRules = (
			);
			dependencies = (
			);
			name = EmpowerID;
			productName = EmpowerID;
			productReference = 1D88AD4D17320257002F72B8 /* EmpowerID.app */;
			productType = "com.apple.product-type.application";
		};
/* End PBXNativeTarget section */

/* Begin PBXProject section */
		1D88AD4517320257002F72B8 /* Project object */ = {
			isa = PBXProject;
			attributes = {
				LastUpgradeCheck = 0460;
				ORGANIZATIONNAME = R;
			};
			buildConfigurationList = 1D88AD4817320257002F72B8 /* Build configuration list for PBXProject "EmpowerID" */;
			compatibilityVersion = "Xcode 3.2";
			developmentRegion = English;
			hasScannedForEncodings = 0;
			knownRegions = (
				en,
			);
			mainGroup = 1D88AD4417320257002F72B8;
			productRefGroup = 1D88AD4E17320257002F72B8 /* Products */;
			projectDirPath = "";
			projectRoot = "";
			targets = (
				1D88AD4C17320257002F72B8 /* EmpowerID */,
			);
		};
/* End PBXProject section */

/* Begin PBXResourcesBuildPhase section */
		1D88AD4B17320257002F72B8 /* Resources */ = {
			isa = PBXResourcesBuildPhase;
			buildActionMask = 2147483647;
			files = (
				1D88AD5D17320257002F72B8 /* InfoPlist.strings in Resources */,
				1D88AD6517320257002F72B8 /* Default.png in Resources */,
				1D88AD6717320257002F72B8 /* Default@2x.png in Resources */,
				1D88AD6917320257002F72B8 /* Default-568h@2x.png in Resources */,
				1D88AD731732051C002F72B8 /* MainStoryBoard.storyboard in Resources */,
				1D88ADF3173B9403002F72B8 /* compare_headline_eid.png in Resources */,
				1D88ADF7173B95E7002F72B8 /* logo_header.jpg in Resources */,
				1D88ADFF173DCEED002F72B8 /* home_24.png in Resources */,
				1D88AE01173DCF4C002F72B8 /* app_globe_24.png in Resources */,
				1D88AE03173DCFA1002F72B8 /* lock_24.png in Resources */,
				1D977576175054D100CD156F /* glassboard.png in Resources */,
				1D977577175054D100CD156F /* three_lines@2x.png in Resources */,
				1D88FCF41756C3CD006A1D88 /* SettingsViewController.xib in Resources */,
			);
			runOnlyForDeploymentPostprocessing = 0;
		};
/* End PBXResourcesBuildPhase section */

/* Begin PBXSourcesBuildPhase section */
		1D88AD4917320257002F72B8 /* Sources */ = {
			isa = PBXSourcesBuildPhase;
			buildActionMask = 2147483647;
			files = (
				1D88AD5F17320257002F72B8 /* main.m in Sources */,
				1D88AD6317320257002F72B8 /* AppDelegate.m in Sources */,
				1D88AD6C17320257002F72B8 /* EmpowerID.xcdatamodeld in Sources */,
				1D88AD76173236C7002F72B8 /* TaskTableViewController.m in Sources */,
				1D88AD791734349E002F72B8 /* SplashViewController.m in Sources */,
				1D88AD7C1734355B002F72B8 /* TaskDetailsViewController.m in Sources */,
				1D88AD7F1734B2E2002F72B8 /* LoginController.m in Sources */,
				1D88AD821734CFE2002F72B8 /* Base64Utility.m in Sources */,
				1D88ADAB1734D769002F72B8 /* AFHTTPClient.m in Sources */,
				1D88ADAC1734D769002F72B8 /* AFHTTPRequestOperation.m in Sources */,
				1D88ADAD1734D769002F72B8 /* AFImageRequestOperation.m in Sources */,
				1D88ADAE1734D769002F72B8 /* AFJSONRequestOperation.m in Sources */,
				1D88ADAF1734D769002F72B8 /* AFNetworkActivityIndicatorManager.m in Sources */,
				1D88ADB01734D769002F72B8 /* AFPropertyListRequestOperation.m in Sources */,
				1D88ADB11734D769002F72B8 /* AFURLConnectionOperation.m in Sources */,
				1D88ADB21734D769002F72B8 /* AFXMLRequestOperation.m in Sources */,
				1D88ADB31734D769002F72B8 /* UIImageView+AFNetworking.m in Sources */,
				1D88ADB617388CC8002F72B8 /* Helpers.m in Sources */,
				1D88ADE8173B05F8002F72B8 /* Globals.m in Sources */,
				1D88ADEE173B70A9002F72B8 /* MainTabControllerViewController.m in Sources */,
				1D88ADF1173B7CC8002F72B8 /* HomeControllerViewController.m in Sources */,
				1D88ADFA173D3924002F72B8 /* DejalActivityView.m in Sources */,
				1D88ADFD173D5EE1002F72B8 /* RequestsTableViewController.m in Sources */,
				1D88FCF31756C3CD006A1D88 /* SettingsViewController.m in Sources */,
			);
			runOnlyForDeploymentPostprocessing = 0;
		};
/* End PBXSourcesBuildPhase section */

/* Begin PBXVariantGroup section */
		1D88AD5B17320257002F72B8 /* InfoPlist.strings */ = {
			isa = PBXVariantGroup;
			children = (
				1D88AD5C17320257002F72B8 /* en */,
			);
			name = InfoPlist.strings;
			sourceTree = "<group>";
		};
/* End PBXVariantGroup section */

/* Begin XCBuildConfiguration section */
		1D88AD6D17320257002F72B8 /* Debug */ = {
			isa = XCBuildConfiguration;
			buildSettings = {
				ALWAYS_SEARCH_USER_PATHS = NO;
				CLANG_CXX_LANGUAGE_STANDARD = "gnu++0x";
				CLANG_CXX_LIBRARY = "libc++";
				CLANG_ENABLE_OBJC_ARC = YES;
				CLANG_WARN_CONSTANT_CONVERSION = YES;
				CLANG_WARN_EMPTY_BODY = YES;
				CLANG_WARN_ENUM_CONVERSION = YES;
				CLANG_WARN_INT_CONVERSION = YES;
				CLANG_WARN__DUPLICATE_METHOD_MATCH = YES;
				"CODE_SIGN_IDENTITY[sdk=iphoneos*]" = "iPhone Developer";
				COPY_PHASE_STRIP = NO;
				GCC_C_LANGUAGE_STANDARD = gnu99;
				GCC_DYNAMIC_NO_PIC = NO;
				GCC_OPTIMIZATION_LEVEL = 0;
				GCC_PREPROCESSOR_DEFINITIONS = (
					"DEBUG=1",
					"$(inherited)",
				);
				GCC_SYMBOLS_PRIVATE_EXTERN = NO;
				GCC_WARN_ABOUT_RETURN_TYPE = YES;
				GCC_WARN_UNINITIALIZED_AUTOS = YES;
				GCC_WARN_UNUSED_VARIABLE = YES;
				IPHONEOS_DEPLOYMENT_TARGET = 6.1;
				ONLY_ACTIVE_ARCH = YES;
				SDKROOT = iphoneos;
			};
			name = Debug;
		};
		1D88AD6E17320257002F72B8 /* Release */ = {
			isa = XCBuildConfiguration;
			buildSettings = {
				ALWAYS_SEARCH_USER_PATHS = NO;
				CLANG_CXX_LANGUAGE_STANDARD = "gnu++0x";
				CLANG_CXX_LIBRARY = "libc++";
				CLANG_ENABLE_OBJC_ARC = YES;
				CLANG_WARN_CONSTANT_CONVERSION = YES;
				CLANG_WARN_EMPTY_BODY = YES;
				CLANG_WARN_ENUM_CONVERSION = YES;
				CLANG_WARN_INT_CONVERSION = YES;
				CLANG_WARN__DUPLICATE_METHOD_MATCH = YES;
				"CODE_SIGN_IDENTITY[sdk=iphoneos*]" = "iPhone Developer";
				COPY_PHASE_STRIP = YES;
				GCC_C_LANGUAGE_STANDARD = gnu99;
				GCC_WARN_ABOUT_RETURN_TYPE = YES;
				GCC_WARN_UNINITIALIZED_AUTOS = YES;
				GCC_WARN_UNUSED_VARIABLE = YES;
				IPHONEOS_DEPLOYMENT_TARGET = 6.1;
				OTHER_CFLAGS = "-DNS_BLOCK_ASSERTIONS=1";
				SDKROOT = iphoneos;
				VALIDATE_PRODUCT = YES;
			};
			name = Release;
		};
		1D88AD7017320257002F72B8 /* Debug */ = {
			isa = XCBuildConfiguration;
			buildSettings = {
				GCC_PRECOMPILE_PREFIX_HEADER = YES;
				GCC_PREFIX_HEADER = "EmpowerID/EmpowerID-Prefix.pch";
				INFOPLIST_FILE = "EmpowerID/EmpowerID-Info.plist";
				IPHONEOS_DEPLOYMENT_TARGET = 6.1;
				PRODUCT_NAME = "$(TARGET_NAME)";
				TARGETED_DEVICE_FAMILY = "1,2";
				WRAPPER_EXTENSION = app;
			};
			name = Debug;
		};
		1D88AD7117320257002F72B8 /* Release */ = {
			isa = XCBuildConfiguration;
			buildSettings = {
				GCC_PRECOMPILE_PREFIX_HEADER = YES;
				GCC_PREFIX_HEADER = "EmpowerID/EmpowerID-Prefix.pch";
				INFOPLIST_FILE = "EmpowerID/EmpowerID-Info.plist";
				IPHONEOS_DEPLOYMENT_TARGET = 6.1;
				PRODUCT_NAME = "$(TARGET_NAME)";
				TARGETED_DEVICE_FAMILY = "1,2";
				WRAPPER_EXTENSION = app;
			};
			name = Release;
		};
/* End XCBuildConfiguration section */

/* Begin XCConfigurationList section */
		1D88AD4817320257002F72B8 /* Build configuration list for PBXProject "EmpowerID" */ = {
			isa = XCConfigurationList;
			buildConfigurations = (
				1D88AD6D17320257002F72B8 /* Debug */,
				1D88AD6E17320257002F72B8 /* Release */,
			);
			defaultConfigurationIsVisible = 0;
			defaultConfigurationName = Release;
		};
		1D88AD6F17320257002F72B8 /* Build configuration list for PBXNativeTarget "EmpowerID" */ = {
			isa = XCConfigurationList;
			buildConfigurations = (
				1D88AD7017320257002F72B8 /* Debug */,
				1D88AD7117320257002F72B8 /* Release */,
			);
			defaultConfigurationIsVisible = 0;
			defaultConfigurationName = Release;
		};
/* End XCConfigurationList section */

/* Begin XCVersionGroup section */
		1D88AD6A17320257002F72B8 /* EmpowerID.xcdatamodeld */ = {
			isa = XCVersionGroup;
			children = (
				1D88AD6B17320257002F72B8 /* EmpowerID.xcdatamodel */,
			);
			currentVersion = 1D88AD6B17320257002F72B8 /* EmpowerID.xcdatamodel */;
			path = EmpowerID.xcdatamodeld;
			sourceTree = "<group>";
			versionGroupType = wrapper.xcdatamodel;
		};
/* End XCVersionGroup section */
	};
	rootObject = 1D88AD4517320257002F72B8 /* Project object */;
}
